
Microsoft Visual Studio Solution File, Format Version 12.00
# Visual Studio Version 17
VisualStudioVersion = 17.0.31903.59
MinimumVisualStudioVersion = 10.0.40219.1
Project("{2150E333-8FDC-42A3-9474-1A3956D46DE8}") = "1-Presentation", "1-Presentation", "{629E70C3-503C-ED8D-D89C-9C8184ADA427}"
EndProject
Project("{FAE04EC0-301F-11D3-BF4B-00C04F79EFBC}") = "Gerit.Api", "src\Gerit.Api\Gerit.Api.csproj", "{35FA177F-9575-4994-A848-F23462562C18}"
EndProject
Project("{2150E333-8FDC-42A3-9474-1A3956D46DE8}") = "2-Application", "2-Application", "{2AD92386-79E5-699F-F58F-FD6FA6A6916E}"
EndProject
Project("{FAE04EC0-301F-11D3-BF4B-00C04F79EFBC}") = "Gerit.Application", "src\Gerit.Application\Gerit.Application.csproj", "{65FF7079-EB8A-4355-9E39-94521B83D19E}"
EndProject
Project("{2150E333-8FDC-42A3-9474-1A3956D46DE8}") = "3-Domain", "3-Domain", "{2420C803-290B-F142-B73B-E5BA85E34988}"
EndProject
Project("{FAE04EC0-301F-11D3-BF4B-00C04F79EFBC}") = "Gerit.Domain", "src\Gerit.Domain\Gerit.Domain.csproj", "{97F4FBD5-5F63-4F80-AA06-BA5C849A865D}"
EndProject
Project("{2150E333-8FDC-42A3-9474-1A3956D46DE8}") = "4-Infra", "4-Infra", "{C263FC6A-B645-7249-9C52-1318A4A3D2CA}"
EndProject
Project("{FAE04EC0-301F-11D3-BF4B-00C04F79EFBC}") = "Gerit.Infra.Data", "src\Gerit.Infra.Data\Gerit.Infra.Data.csproj", "{EBC749F1-DE3D-4F02-8855-E87A1D83E8D1}"
EndProject
Project("{FAE04EC0-301F-11D3-BF4B-00C04F79EFBC}") = "Gerit.Infra.Integration", "src\Gerit.Infra.Integration\Gerit.Infra.Integration.csproj", "{3A140349-3153-4A03-986F-671B022E3A58}"
EndProject
Project("{FAE04EC0-301F-11D3-BF4B-00C04F79EFBC}") = "Gerit.Infra.IoC", "src\Gerit.Infra.IoC\Gerit.Infra.IoC.csproj", "{71B84404-3645-43C6-8823-B91712F4F8AD}"
EndProject
Project("{2150E333-8FDC-42A3-9474-1A3956D46DE8}") = "5-tests", "5-tests", "{3DE317BB-6F5C-8DC8-3308-7F794E1E843A}"
EndProject
Project("{FAE04EC0-301F-11D3-BF4B-00C04F79EFBC}") = "Gerit.Tests", "tests\Gerit.Tests\Gerit.Tests.csproj", "{A6ED675C-0CFB-42C2-BAB9-422D6CF7CBF4}"
EndProject
Project("{2150E333-8FDC-42A3-9474-1A3956D46DE8}") = "6-docs", "6-docs", "{02EA681E-C7D8-13C7-8484-4AC65E1B71E8}"
	ProjectSection(SolutionItems) = preProject
		docs\ARCHITECTURE.md = docs\ARCHITECTURE.md
	EndProjectSection
EndProject
Project("{2150E333-8FDC-42A3-9474-1A3956D46DE8}") = "sql", "sql", "{E85BA165-37CE-4B2B-996A-2903FEE71378}"
	ProjectSection(SolutionItems) = preProject
		docs\sql\Create Tables.sql = docs\sql\Create Tables.sql
		docs\sql\Exclude Tebles.sql = docs\sql\Exclude Tebles.sql
		docs\sql\Seed.sql = docs\sql\Seed.sql
	EndProjectSection
EndProject
Global
	GlobalSection(SolutionConfigurationPlatforms) = preSolution
		Debug|Any CPU = Debug|Any CPU
		Debug|x64 = Debug|x64
		Debug|x86 = Debug|x86
		Release|Any CPU = Release|Any CPU
		Release|x64 = Release|x64
		Release|x86 = Release|x86
	EndGlobalSection
	GlobalSection(ProjectConfigurationPlatforms) = postSolution
		{35FA177F-9575-4994-A848-F23462562C18}.Debug|Any CPU.ActiveCfg = Debug|Any CPU
		{35FA177F-9575-4994-A848-F23462562C18}.Debug|Any CPU.Build.0 = Debug|Any CPU
		{35FA177F-9575-4994-A848-F23462562C18}.Debug|x64.ActiveCfg = Debug|Any CPU
		{35FA177F-9575-4994-A848-F23462562C18}.Debug|x64.Build.0 = Debug|Any CPU
		{35FA177F-9575-4994-A848-F23462562C18}.Debug|x86.ActiveCfg = Debug|Any CPU
		{35FA177F-9575-4994-A848-F23462562C18}.Debug|x86.Build.0 = Debug|Any CPU
		{35FA177F-9575-4994-A848-F23462562C18}.Release|Any CPU.ActiveCfg = Release|Any CPU
		{35FA177F-9575-4994-A848-F23462562C18}.Release|Any CPU.Build.0 = Release|Any CPU
		{35FA177F-9575-4994-A848-F23462562C18}.Release|x64.ActiveCfg = Release|Any CPU
		{35FA177F-9575-4994-A848-F23462562C18}.Release|x64.Build.0 = Release|Any CPU
		{35FA177F-9575-4994-A848-F23462562C18}.Release|x86.ActiveCfg = Release|Any CPU
		{35FA177F-9575-4994-A848-F23462562C18}.Release|x86.Build.0 = Release|Any CPU
		{65FF7079-EB8A-4355-9E39-94521B83D19E}.Debug|Any CPU.ActiveCfg = Debug|Any CPU
		{65FF7079-EB8A-4355-9E39-94521B83D19E}.Debug|Any CPU.Build.0 = Debug|Any CPU
		{65FF7079-EB8A-4355-9E39-94521B83D19E}.Debug|x64.ActiveCfg = Debug|Any CPU
		{65FF7079-EB8A-4355-9E39-94521B83D19E}.Debug|x64.Build.0 = Debug|Any CPU
		{65FF7079-EB8A-4355-9E39-94521B83D19E}.Debug|x86.ActiveCfg = Debug|Any CPU
		{65FF7079-EB8A-4355-9E39-94521B83D19E}.Debug|x86.Build.0 = Debug|Any CPU
		{65FF7079-EB8A-4355-9E39-94521B83D19E}.Release|Any CPU.ActiveCfg = Release|Any CPU
		{65FF7079-EB8A-4355-9E39-94521B83D19E}.Release|Any CPU.Build.0 = Release|Any CPU
		{65FF7079-EB8A-4355-9E39-94521B83D19E}.Release|x64.ActiveCfg = Release|Any CPU
		{65FF7079-EB8A-4355-9E39-94521B83D19E}.Release|x64.Build.0 = Release|Any CPU
		{65FF7079-EB8A-4355-9E39-94521B83D19E}.Release|x86.ActiveCfg = Release|Any CPU
		{65FF7079-EB8A-4355-9E39-94521B83D19E}.Release|x86.Build.0 = Release|Any CPU
		{97F4FBD5-5F63-4F80-AA06-BA5C849A865D}.Debug|Any CPU.ActiveCfg = Debug|Any CPU
		{97F4FBD5-5F63-4F80-AA06-BA5C849A865D}.Debug|Any CPU.Build.0 = Debug|Any CPU
		{97F4FBD5-5F63-4F80-AA06-BA5C849A865D}.Debug|x64.ActiveCfg = Debug|Any CPU
		{97F4FBD5-5F63-4F80-AA06-BA5C849A865D}.Debug|x64.Build.0 = Debug|Any CPU
		{97F4FBD5-5F63-4F80-AA06-BA5C849A865D}.Debug|x86.ActiveCfg = Debug|Any CPU
		{97F4FBD5-5F63-4F80-AA06-BA5C849A865D}.Debug|x86.Build.0 = Debug|Any CPU
		{97F4FBD5-5F63-4F80-AA06-BA5C849A865D}.Release|Any CPU.ActiveCfg = Release|Any CPU
		{97F4FBD5-5F63-4F80-AA06-BA5C849A865D}.Release|Any CPU.Build.0 = Release|Any CPU
		{97F4FBD5-5F63-4F80-AA06-BA5C849A865D}.Release|x64.ActiveCfg = Release|Any CPU
		{97F4FBD5-5F63-4F80-AA06-BA5C849A865D}.Release|x64.Build.0 = Release|Any CPU
		{97F4FBD5-5F63-4F80-AA06-BA5C849A865D}.Release|x86.ActiveCfg = Release|Any CPU
		{97F4FBD5-5F63-4F80-AA06-BA5C849A865D}.Release|x86.Build.0 = Release|Any CPU
		{EBC749F1-DE3D-4F02-8855-E87A1D83E8D1}.Debug|Any CPU.ActiveCfg = Debug|Any CPU
		{EBC749F1-DE3D-4F02-8855-E87A1D83E8D1}.Debug|Any CPU.Build.0 = Debug|Any CPU
		{EBC749F1-DE3D-4F02-8855-E87A1D83E8D1}.Debug|x64.ActiveCfg = Debug|Any CPU
		{EBC749F1-DE3D-4F02-8855-E87A1D83E8D1}.Debug|x64.Build.0 = Debug|Any CPU
		{EBC749F1-DE3D-4F02-8855-E87A1D83E8D1}.Debug|x86.ActiveCfg = Debug|Any CPU
		{EBC749F1-DE3D-4F02-8855-E87A1D83E8D1}.Debug|x86.Build.0 = Debug|Any CPU
		{EBC749F1-DE3D-4F02-8855-E87A1D83E8D1}.Release|Any CPU.ActiveCfg = Release|Any CPU
		{EBC749F1-DE3D-4F02-8855-E87A1D83E8D1}.Release|Any CPU.Build.0 = Release|Any CPU
		{EBC749F1-DE3D-4F02-8855-E87A1D83E8D1}.Release|x64.ActiveCfg = Release|Any CPU
		{EBC749F1-DE3D-4F02-8855-E87A1D83E8D1}.Release|x64.Build.0 = Release|Any CPU
		{EBC749F1-DE3D-4F02-8855-E87A1D83E8D1}.Release|x86.ActiveCfg = Release|Any CPU
		{EBC749F1-DE3D-4F02-8855-E87A1D83E8D1}.Release|x86.Build.0 = Release|Any CPU
		{3A140349-3153-4A03-986F-671B022E3A58}.Debug|Any CPU.ActiveCfg = Debug|Any CPU
		{3A140349-3153-4A03-986F-671B022E3A58}.Debug|Any CPU.Build.0 = Debug|Any CPU
		{3A140349-3153-4A03-986F-671B022E3A58}.Debug|x64.ActiveCfg = Debug|Any CPU
		{3A140349-3153-4A03-986F-671B022E3A58}.Debug|x64.Build.0 = Debug|Any CPU
		{3A140349-3153-4A03-986F-671B022E3A58}.Debug|x86.ActiveCfg = Debug|Any CPU
		{3A140349-3153-4A03-986F-671B022E3A58}.Debug|x86.Build.0 = Debug|Any CPU
		{3A140349-3153-4A03-986F-671B022E3A58}.Release|Any CPU.ActiveCfg = Release|Any CPU
		{3A140349-3153-4A03-986F-671B022E3A58}.Release|Any CPU.Build.0 = Release|Any CPU
		{3A140349-3153-4A03-986F-671B022E3A58}.Release|x64.ActiveCfg = Release|Any CPU
		{3A140349-3153-4A03-986F-671B022E3A58}.Release|x64.Build.0 = Release|Any CPU
		{3A140349-3153-4A03-986F-671B022E3A58}.Release|x86.ActiveCfg = Release|Any CPU
		{3A140349-3153-4A03-986F-671B022E3A58}.Release|x86.Build.0 = Release|Any CPU
		{71B84404-3645-43C6-8823-B91712F4F8AD}.Debug|Any CPU.ActiveCfg = Debug|Any CPU
		{71B84404-3645-43C6-8823-B91712F4F8AD}.Debug|Any CPU.Build.0 = Debug|Any CPU
		{71B84404-3645-43C6-8823-B91712F4F8AD}.Debug|x64.ActiveCfg = Debug|Any CPU
		{71B84404-3645-43C6-8823-B91712F4F8AD}.Debug|x64.Build.0 = Debug|Any CPU
		{71B84404-3645-43C6-8823-B91712F4F8AD}.Debug|x86.ActiveCfg = Debug|Any CPU
		{71B84404-3645-43C6-8823-B91712F4F8AD}.Debug|x86.Build.0 = Debug|Any CPU
		{71B84404-3645-43C6-8823-B91712F4F8AD}.Release|Any CPU.ActiveCfg = Release|Any CPU
		{71B84404-3645-43C6-8823-B91712F4F8AD}.Release|Any CPU.Build.0 = Release|Any CPU
		{71B84404-3645-43C6-8823-B91712F4F8AD}.Release|x64.ActiveCfg = Release|Any CPU
		{71B84404-3645-43C6-8823-B91712F4F8AD}.Release|x64.Build.0 = Release|Any CPU
		{71B84404-3645-43C6-8823-B91712F4F8AD}.Release|x86.ActiveCfg = Release|Any CPU
		{71B84404-3645-43C6-8823-B91712F4F8AD}.Release|x86.Build.0 = Release|Any CPU
		{A6ED675C-0CFB-42C2-BAB9-422D6CF7CBF4}.Debug|Any CPU.ActiveCfg = Debug|Any CPU
		{A6ED675C-0CFB-42C2-BAB9-422D6CF7CBF4}.Debug|Any CPU.Build.0 = Debug|Any CPU
		{A6ED675C-0CFB-42C2-BAB9-422D6CF7CBF4}.Debug|x64.ActiveCfg = Debug|Any CPU
		{A6ED675C-0CFB-42C2-BAB9-422D6CF7CBF4}.Debug|x64.Build.0 = Debug|Any CPU
		{A6ED675C-0CFB-42C2-BAB9-422D6CF7CBF4}.Debug|x86.ActiveCfg = Debug|Any CPU
		{A6ED675C-0CFB-42C2-BAB9-422D6CF7CBF4}.Debug|x86.Build.0 = Debug|Any CPU
		{A6ED675C-0CFB-42C2-BAB9-422D6CF7CBF4}.Release|Any CPU.ActiveCfg = Release|Any CPU
		{A6ED675C-0CFB-42C2-BAB9-422D6CF7CBF4}.Release|Any CPU.Build.0 = Release|Any CPU
		{A6ED675C-0CFB-42C2-BAB9-422D6CF7CBF4}.Release|x64.ActiveCfg = Release|Any CPU
		{A6ED675C-0CFB-42C2-BAB9-422D6CF7CBF4}.Release|x64.Build.0 = Release|Any CPU
		{A6ED675C-0CFB-42C2-BAB9-422D6CF7CBF4}.Release|x86.ActiveCfg = Release|Any CPU
		{A6ED675C-0CFB-42C2-BAB9-422D6CF7CBF4}.Release|x86.Build.0 = Release|Any CPU
	EndGlobalSection
	GlobalSection(SolutionProperties) = preSolution
		HideSolutionNode = FALSE
	EndGlobalSection
	GlobalSection(NestedProjects) = preSolution
		{35FA177F-9575-4994-A848-F23462562C18} = {629E70C3-503C-ED8D-D89C-9C8184ADA427}
		{65FF7079-EB8A-4355-9E39-94521B83D19E} = {2AD92386-79E5-699F-F58F-FD6FA6A6916E}
		{97F4FBD5-5F63-4F80-AA06-BA5C849A865D} = {2420C803-290B-F142-B73B-E5BA85E34988}
		{EBC749F1-DE3D-4F02-8855-E87A1D83E8D1} = {C263FC6A-B645-7249-9C52-1318A4A3D2CA}
		{3A140349-3153-4A03-986F-671B022E3A58} = {C263FC6A-B645-7249-9C52-1318A4A3D2CA}
		{71B84404-3645-43C6-8823-B91712F4F8AD} = {C263FC6A-B645-7249-9C52-1318A4A3D2CA}
		{A6ED675C-0CFB-42C2-BAB9-422D6CF7CBF4} = {3DE317BB-6F5C-8DC8-3308-7F794E1E843A}
		{E85BA165-37CE-4B2B-996A-2903FEE71378} = {02EA681E-C7D8-13C7-8484-4AC65E1B71E8}
	EndGlobalSection
EndGlobal
